
Microsoft Visual Studio Solution File, Format Version 12.00
# Visual Studio 2015
Project("{FAE04EC0-301F-11D3-BF4B-00C04F79EFBC}") = "NatSim.CSharp", "NatSim.CSharp.csproj", "{404955A9-587D-F621-E3EC-73E9940F77B9}"
EndProject
Global
	GlobalSection(SolutionConfigurationPlatforms) = preSolution
		Debug|Any CPU = Debug|Any CPU
		Release|Any CPU = Release|Any CPU
	EndGlobalSection
	GlobalSection(ProjectConfigurationPlatforms) = postSolution
		{404955A9-587D-F621-E3EC-73E9940F77B9}.Debug|Any CPU.ActiveCfg = Debug|Any CPU
		{404955A9-587D-F621-E3EC-73E9940F77B9}.Debug|Any CPU.Build.0 = Debug|Any CPU
		{404955A9-587D-F621-E3EC-73E9940F77B9}.Release|Any CPU.ActiveCfg = Release|Any CPU
		{404955A9-587D-F621-E3EC-73E9940F77B9}.Release|Any CPU.Build.0 = Release|Any CPU
	EndGlobalSection
	GlobalSection(SolutionProperties) = preSolution
		HideSolutionNode = FALSE
	EndGlobalSection
EndGlobal
